
Microsoft Visual Studio Solution File, Format Version 12.00
# Visual Studio Version 17
VisualStudioVersion = 17.4.33110.190
MinimumVisualStudioVersion = 10.0.40219.1
Project("{8BC9CEB8-8B4A-11D0-8D11-00A0C91BC942}") = "Capycity_Moritz_Zerr", "Capycity_Moritz_Zerr\Capycity_Moritz_Zerr.vcxproj", "{1FCA1CDF-0898-4ED9-BD01-482373FB11FA}"
EndProject
Global
	GlobalSection(SolutionConfigurationPlatforms) = preSolution
		Debug|x64 = Debug|x64
		Debug|x86 = Debug|x86
		Release|x64 = Release|x64
		Release|x86 = Release|x86
	EndGlobalSection
	GlobalSection(ProjectConfigurationPlatforms) = postSolution
		{1FCA1CDF-0898-4ED9-BD01-482373FB11FA}.Debug|x64.ActiveCfg = Debug|x64
		{1FCA1CDF-0898-4ED9-BD01-482373FB11FA}.Debug|x64.Build.0 = Debug|x64
		{1FCA1CDF-0898-4ED9-BD01-482373FB11FA}.Debug|x86.ActiveCfg = Debug|Win32
		{1FCA1CDF-0898-4ED9-BD01-482373FB11FA}.Debug|x86.Build.0 = Debug|Win32
		{1FCA1CDF-0898-4ED9-BD01-482373FB11FA}.Release|x64.ActiveCfg = Release|x64
		{1FCA1CDF-0898-4ED9-BD01-482373FB11FA}.Release|x64.Build.0 = Release|x64
		{1FCA1CDF-0898-4ED9-BD01-482373FB11FA}.Release|x86.ActiveCfg = Release|Win32
		{1FCA1CDF-0898-4ED9-BD01-482373FB11FA}.Release|x86.Build.0 = Release|Win32
	EndGlobalSection
	GlobalSection(SolutionProperties) = preSolution
		HideSolutionNode = FALSE
	EndGlobalSection
	GlobalSection(ExtensibilityGlobals) = postSolution
		SolutionGuid = {956BF62F-46D5-44B3-918B-61E2F68BF65A}
	EndGlobalSection
EndGlobal
